
Microsoft Visual Studio Solution File, Format Version 12.00
# Visual Studio Version 16
VisualStudioVersion = 16.0.31205.134
MinimumVisualStudioVersion = 10.0.40219.1
Project("{9A19103F-16F7-4668-BE54-9A1E7A4F7556}") = "FizzBuzz", "FizzBuzzProgram\FizzBuzz.csproj", "{7CCFAC47-AFBD-4F4B-9F15-3F832C6FCCE9}"
EndProject
Project("{9A19103F-16F7-4668-BE54-9A1E7A4F7556}") = "FizzBuzzTDD", "FizzBuzzWithTDD\FizzBuzzTDD.csproj", "{A5548DC3-D620-4AA1-AC1D-5505306E952B}"
EndProject
Project("{9A19103F-16F7-4668-BE54-9A1E7A4F7556}") = "PasswordExample", "PasswordExample\PasswordExample.csproj", "{022723B3-4EF1-40C1-BC4D-0F4DA791DD3C}"
EndProject
Global
	GlobalSection(SolutionConfigurationPlatforms) = preSolution
		Debug|Any CPU = Debug|Any CPU
		Release|Any CPU = Release|Any CPU
	EndGlobalSection
	GlobalSection(ProjectConfigurationPlatforms) = postSolution
		{7CCFAC47-AFBD-4F4B-9F15-3F832C6FCCE9}.Debug|Any CPU.ActiveCfg = Debug|Any CPU
		{7CCFAC47-AFBD-4F4B-9F15-3F832C6FCCE9}.Debug|Any CPU.Build.0 = Debug|Any CPU
		{7CCFAC47-AFBD-4F4B-9F15-3F832C6FCCE9}.Release|Any CPU.ActiveCfg = Release|Any CPU
		{7CCFAC47-AFBD-4F4B-9F15-3F832C6FCCE9}.Release|Any CPU.Build.0 = Release|Any CPU
		{A5548DC3-D620-4AA1-AC1D-5505306E952B}.Debug|Any CPU.ActiveCfg = Debug|Any CPU
		{A5548DC3-D620-4AA1-AC1D-5505306E952B}.Debug|Any CPU.Build.0 = Debug|Any CPU
		{A5548DC3-D620-4AA1-AC1D-5505306E952B}.Release|Any CPU.ActiveCfg = Release|Any CPU
		{A5548DC3-D620-4AA1-AC1D-5505306E952B}.Release|Any CPU.Build.0 = Release|Any CPU
		{022723B3-4EF1-40C1-BC4D-0F4DA791DD3C}.Debug|Any CPU.ActiveCfg = Debug|Any CPU
		{022723B3-4EF1-40C1-BC4D-0F4DA791DD3C}.Debug|Any CPU.Build.0 = Debug|Any CPU
		{022723B3-4EF1-40C1-BC4D-0F4DA791DD3C}.Release|Any CPU.ActiveCfg = Release|Any CPU
		{022723B3-4EF1-40C1-BC4D-0F4DA791DD3C}.Release|Any CPU.Build.0 = Release|Any CPU
	EndGlobalSection
	GlobalSection(SolutionProperties) = preSolution
		HideSolutionNode = FALSE
	EndGlobalSection
	GlobalSection(ExtensibilityGlobals) = postSolution
		SolutionGuid = {9744A345-CA75-4514-BC6A-0A2C77FB4B76}
	EndGlobalSection
EndGlobal
